Microsoft Visual Studio Solution File, Format Version 9.00
# Visual Studio 2005
Project("{8BC9CEB8-8B4A-11D0-8D11-00A0C91BC942}") = "static_library", "static_library.vcproj", "{D18EA0C9-8C65-441D-884C-55EB43A84F2A}"
EndProject
Project("{8BC9CEB8-8B4A-11D0-8D11-00A0C91BC942}") = "PortAudioRecPlay", "PortAudioRecPlay.vcproj", "{1B9A038D-80A3-4DBD-9F0D-AF10B49B863A}"
EndProject
Global
	GlobalSection(SolutionConfigurationPlatforms) = preSolution
		Debug|Win32 = Debug|Win32
		Release|Win32 = Release|Win32
	EndGlobalSection
	GlobalSection(ProjectConfigurationPlatforms) = postSolution
		{D18EA0C9-8C65-441D-884C-55EB43A84F2A}.Debug|Win32.ActiveCfg = Debug|Win32
		{D18EA0C9-8C65-441D-884C-55EB43A84F2A}.Debug|Win32.Build.0 = Debug|Win32
		{D18EA0C9-8C65-441D-884C-55EB43A84F2A}.Release|Win32.ActiveCfg = Release|Win32
		{D18EA0C9-8C65-441D-884C-55EB43A84F2A}.Release|Win32.Build.0 = Release|Win32
		{1B9A038D-80A3-4DBD-9F0D-AF10B49B863A}.Debug|Win32.ActiveCfg = Debug|Win32
		{1B9A038D-80A3-4DBD-9F0D-AF10B49B863A}.Debug|Win32.Build.0 = Debug|Win32
		{1B9A038D-80A3-4DBD-9F0D-AF10B49B863A}.Release|Win32.ActiveCfg = Release|Win32
		{1B9A038D-80A3-4DBD-9F0D-AF10B49B863A}.Release|Win32.Build.0 = Release|Win32
	EndGlobalSection
	GlobalSection(SolutionProperties) = preSolution
		HideSolutionNode = FALSE
	EndGlobalSection
EndGlobal
